
Microsoft Visual Studio Solution File, Format Version 12.00
Project("{FAE04EC0-301F-11D3-BF4B-00C04F79EFBC}") = "BlazorSyncScrolling", "BlazorSyncScrolling\BlazorSyncScrolling.csproj", "{691C7D4A-9BD0-4005-8328-09A9FCC848B9}"
EndProject
Project("{FAE04EC0-301F-11D3-BF4B-00C04F79EFBC}") = "BlazorSyncScrolling.SampleApp", "BlazorSyncScrolling.SampleApp\BlazorSyncScrolling.SampleApp.csproj", "{0B5CF570-922E-4073-86C5-A5783AEC4B01}"
EndProject
Global
	GlobalSection(SolutionConfigurationPlatforms) = preSolution
		Debug|Any CPU = Debug|Any CPU
		Release|Any CPU = Release|Any CPU
	EndGlobalSection
	GlobalSection(ProjectConfigurationPlatforms) = postSolution
		{691C7D4A-9BD0-4005-8328-09A9FCC848B9}.Debug|Any CPU.ActiveCfg = Debug|Any CPU
		{691C7D4A-9BD0-4005-8328-09A9FCC848B9}.Debug|Any CPU.Build.0 = Debug|Any CPU
		{691C7D4A-9BD0-4005-8328-09A9FCC848B9}.Release|Any CPU.ActiveCfg = Release|Any CPU
		{691C7D4A-9BD0-4005-8328-09A9FCC848B9}.Release|Any CPU.Build.0 = Release|Any CPU
		{0B5CF570-922E-4073-86C5-A5783AEC4B01}.Debug|Any CPU.ActiveCfg = Debug|Any CPU
		{0B5CF570-922E-4073-86C5-A5783AEC4B01}.Debug|Any CPU.Build.0 = Debug|Any CPU
		{0B5CF570-922E-4073-86C5-A5783AEC4B01}.Release|Any CPU.ActiveCfg = Release|Any CPU
		{0B5CF570-922E-4073-86C5-A5783AEC4B01}.Release|Any CPU.Build.0 = Release|Any CPU
	EndGlobalSection
EndGlobal
